// !$*UTF8*$!
{
	archiveVersion = 1;
	classes = {
	};
	objectVersion = 55;
	objects = {

/* Begin PBXBuildFile section */
		94CD83FE54CF9370D91DD3E0 /* Pods_TikTokClone_Murzaliev.framework in Frameworks */ = {isa = PBXBuildFile; fileRef = EC228C7C1B6F79C2F11C027C /* Pods_TikTokClone_Murzaliev.framework */; };
		DD665E7E27BB8AB1002364DD /* CellModel.swift in Sources */ = {isa = PBXBuildFile; fileRef = DD665E7D27BB8AB1002364DD /* CellModel.swift */; };
		DDB98F0927BAE37A00D75C43 /* AppDelegate.swift in Sources */ = {isa = PBXBuildFile; fileRef = DDB98F0827BAE37A00D75C43 /* AppDelegate.swift */; };
		DDB98F0B27BAE37A00D75C43 /* SceneDelegate.swift in Sources */ = {isa = PBXBuildFile; fileRef = DDB98F0A27BAE37A00D75C43 /* SceneDelegate.swift */; };
		DDB98F0D27BAE37A00D75C43 /* MainViewController.swift in Sources */ = {isa = PBXBuildFile; fileRef = DDB98F0C27BAE37A00D75C43 /* MainViewController.swift */; };
		DDB98F1027BAE37A00D75C43 /* Main.storyboard in Resources */ = {isa = PBXBuildFile; fileRef = DDB98F0E27BAE37A00D75C43 /* Main.storyboard */; };
		DDB98F1227BAE37B00D75C43 /* Assets.xcassets in Resources */ = {isa = PBXBuildFile; fileRef = DDB98F1127BAE37B00D75C43 /* Assets.xcassets */; };
		DDB98F1527BAE37B00D75C43 /* LaunchScreen.storyboard in Resources */ = {isa = PBXBuildFile; fileRef = DDB98F1327BAE37B00D75C43 /* LaunchScreen.storyboard */; };
		DDB98F1D27BAE96E00D75C43 /* MainTableViewCell.swift in Sources */ = {isa = PBXBuildFile; fileRef = DDB98F1C27BAE96E00D75C43 /* MainTableViewCell.swift */; };
/* End PBXBuildFile section */

/* Begin PBXFileReference section */
		C9D982ABDDD73FD66825F0C2 /* Pods-TikTokClone-Murzaliev.debug.xcconfig */ = {isa = PBXFileReference; includeInIndex = 1; lastKnownFileType = text.xcconfig; name = "Pods-TikTokClone-Murzaliev.debug.xcconfig"; path = "Target Support Files/Pods-TikTokClone-Murzaliev/Pods-TikTokClone-Murzaliev.debug.xcconfig"; sourceTree = "<group>"; };
		DD665E7D27BB8AB1002364DD /* CellModel.swift */ = {isa = PBXFileReference; lastKnownFileType = sourcecode.swift; path = CellModel.swift; sourceTree = "<group>"; };
		DDB98F0527BAE37A00D75C43 /* TikTokClone-Murzaliev.app */ = {isa = PBXFileReference; explicitFileType = wrapper.application; includeInIndex = 0; path = "TikTokClone-Murzaliev.app"; sourceTree = BUILT_PRODUCTS_DIR; };
		DDB98F0827BAE37A00D75C43 /* AppDelegate.swift */ = {isa = PBXFileReference; lastKnownFileType = sourcecode.swift; path = AppDelegate.swift; sourceTree = "<group>"; };
		DDB98F0A27BAE37A00D75C43 /* SceneDelegate.swift */ = {isa = PBXFileReference; lastKnownFileType = sourcecode.swift; path = SceneDelegate.swift; sourceTree = "<group>"; };
		DDB98F0C27BAE37A00D75C43 /* MainViewController.swift */ = {isa = PBXFileReference; lastKnownFileType = sourcecode.swift; path = MainViewController.swift; sourceTree = "<group>"; };
		DDB98F0F27BAE37A00D75C43 /* Base */ = {isa = PBXFileReference; lastKnownFileType = file.storyboard; name = Base; path = Base.lproj/Main.storyboard; sourceTree = "<group>"; };
		DDB98F1127BAE37B00D75C43 /* Assets.xcassets */ = {isa = PBXFileReference; lastKnownFileType = folder.assetcatalog; path = Assets.xcassets; sourceTree = "<group>"; };
		DDB98F1427BAE37B00D75C43 /* Base */ = {isa = PBXFileReference; lastKnownFileType = file.storyboard; name = Base; path = Base.lproj/LaunchScreen.storyboard; sourceTree = "<group>"; };
		DDB98F1627BAE37B00D75C43 /* Info.plist */ = {isa = PBXFileReference; lastKnownFileType = text.plist.xml; path = Info.plist; sourceTree = "<group>"; };
		DDB98F1C27BAE96E00D75C43 /* MainTableViewCell.swift */ = {isa = PBXFileReference; lastKnownFileType = sourcecode.swift; path = MainTableViewCell.swift; sourceTree = "<group>"; };
		EC228C7C1B6F79C2F11C027C /* Pods_TikTokClone_Murzaliev.framework */ = {isa = PBXFileReference; explicitFileType = wrapper.framework; includeInIndex = 0; path = Pods_TikTokClone_Murzaliev.framework; sourceTree = BUILT_PRODUCTS_DIR; };
		F12FD7413613547AB1A24FCE /* Pods-TikTokClone-Murzaliev.release.xcconfig */ = {isa = PBXFileReference; includeInIndex = 1; lastKnownFileType = text.xcconfig; name = "Pods-TikTokClone-Murzaliev.release.xcconfig"; path = "Target Support Files/Pods-TikTokClone-Murzaliev/Pods-TikTokClone-Murzaliev.release.xcconfig"; sourceTree = "<group>"; };
/* End PBXFileReference section */

/* Begin PBXFrameworksBuildPhase section */
		DDB98F0227BAE37A00D75C43 /* Frameworks */ = {
			isa = PBXFrameworksBuildPhase;
			buildActionMask = 2147483647;
			files = (
				94CD83FE54CF9370D91DD3E0 /* Pods_TikTokClone_Murzaliev.framework in Frameworks */,
			);
			runOnlyForDeploymentPostprocessing = 0;
		};
/* End PBXFrameworksBuildPhase section */

/* Begin PBXGroup section */
		25250CCCBDF85497CAE310FF /* Frameworks */ = {
			isa = PBXGroup;
			children = (
				EC228C7C1B6F79C2F11C027C /* Pods_TikTokClone_Murzaliev.framework */,
			);
			name = Frameworks;
			sourceTree = "<group>";
		};
		DDB98EFC27BAE37A00D75C43 = {
			isa = PBXGroup;
			children = (
				DDB98F0727BAE37A00D75C43 /* TikTokClone-Murzaliev */,
				DDB98F0627BAE37A00D75C43 /* Products */,
				E4B93BE04C300BEFA694B99D /* Pods */,
				25250CCCBDF85497CAE310FF /* Frameworks */,
			);
			sourceTree = "<group>";
		};
		DDB98F0627BAE37A00D75C43 /* Products */ = {
			isa = PBXGroup;
			children = (
				DDB98F0527BAE37A00D75C43 /* TikTokClone-Murzaliev.app */,
			);
			name = Products;
			sourceTree = "<group>";
		};
		DDB98F0727BAE37A00D75C43 /* TikTokClone-Murzaliev */ = {
			isa = PBXGroup;
			children = (
				DDB98F0827BAE37A00D75C43 /* AppDelegate.swift */,
				DDB98F0A27BAE37A00D75C43 /* SceneDelegate.swift */,
				DDB98F0C27BAE37A00D75C43 /* MainViewController.swift */,
				DDB98F1C27BAE96E00D75C43 /* MainTableViewCell.swift */,
				DD665E7D27BB8AB1002364DD /* CellModel.swift */,
				DDB98F0E27BAE37A00D75C43 /* Main.storyboard */,
				DDB98F1127BAE37B00D75C43 /* Assets.xcassets */,
				DDB98F1327BAE37B00D75C43 /* LaunchScreen.storyboard */,
				DDB98F1627BAE37B00D75C43 /* Info.plist */,
			);
			path = "TikTokClone-Murzaliev";
			sourceTree = "<group>";
		};
		E4B93BE04C300BEFA694B99D /* Pods */ = {
			isa = PBXGroup;
			children = (
				C9D982ABDDD73FD66825F0C2 /* Pods-TikTokClone-Murzaliev.debug.xcconfig */,
				F12FD7413613547AB1A24FCE /* Pods-TikTokClone-Murzaliev.release.xcconfig */,
			);
			path = Pods;
			sourceTree = "<group>";
		};
/* End PBXGroup section */

/* Begin PBXNativeTarget section */
		DDB98F0427BAE37A00D75C43 /* TikTokClone-Murzaliev */ = {
			isa = PBXNativeTarget;
			buildConfigurationList = DDB98F1927BAE37B00D75C43 /* Build configuration list for PBXNativeTarget "TikTokClone-Murzaliev" */;
			buildPhases = (
				1DFC767DF0712FF92CAA2278 /* [CP] Check Pods Manifest.lock */,
				DDB98F0127BAE37A00D75C43 /* Sources */,
				DDB98F0227BAE37A00D75C43 /* Frameworks */,
				DDB98F0327BAE37A00D75C43 /* Resources */,
				EE764669EAA6343A0933A091 /* [CP] Embed Pods Frameworks */,
			);
			buildRules = (
			);
			dependencies = (
			);
			name = "TikTokClone-Murzaliev";
			productName = "TikTokClone-Murzaliev";
			productReference = DDB98F0527BAE37A00D75C43 /* TikTokClone-Murzaliev.app */;
			productType = "com.apple.product-type.application";
		};
/* End PBXNativeTarget section */

/* Begin PBXProject section */
		DDB98EFD27BAE37A00D75C43 /* Project object */ = {
			isa = PBXProject;
			attributes = {
				BuildIndependentTargetsInParallel = 1;
				LastSwiftUpdateCheck = 1320;
				LastUpgradeCheck = 1320;
				TargetAttributes = {
					DDB98F0427BAE37A00D75C43 = {
						CreatedOnToolsVersion = 13.2.1;
					};
				};
			};
			buildConfigurationList = DDB98F0027BAE37A00D75C43 /* Build configuration list for PBXProject "TikTokClone-Murzaliev" */;
			compatibilityVersion = "Xcode 13.0";
			developmentRegion = en;
			hasScannedForEncodings = 0;
			knownRegions = (
				en,
				Base,
			);
			mainGroup = DDB98EFC27BAE37A00D75C43;
			productRefGroup = DDB98F0627BAE37A00D75C43 /* Products */;
			projectDirPath = "";
			projectRoot = "";
			targets = (
				DDB98F0427BAE37A00D75C43 /* TikTokClone-Murzaliev */,
			);
		};
/* End PBXProject section */

/* Begin PBXResourcesBuildPhase section */
		DDB98F0327BAE37A00D75C43 /* Resources */ = {
			isa = PBXResourcesBuildPhase;
			buildActionMask = 2147483647;
			files = (
				DDB98F1527BAE37B00D75C43 /* LaunchScreen.storyboard in Resources */,
				DDB98F1227BAE37B00D75C43 /* Assets.xcassets in Resources */,
				DDB98F1027BAE37A00D75C43 /* Main.storyboard in Resources */,
			);
			runOnlyForDeploymentPostprocessing = 0;
		};
/* End PBXResourcesBuildPhase section */

/* Begin PBXShellScriptBuildPhase section */
		1DFC767DF0712FF92CAA2278 /* [CP] Check Pods Manifest.lock */ = {
			isa = PBXShellScriptBuildPhase;
			buildActionMask = 2147483647;
			files = (
			);
			inputFileListPaths = (
			);
			inputPaths = (
				"${PODS_PODFILE_DIR_PATH}/Podfile.lock",
				"${PODS_ROOT}/Manifest.lock",
			);
			name = "[CP] Check Pods Manifest.lock";
			outputFileListPaths = (
			);
			outputPaths = (
				"$(DERIVED_FILE_DIR)/Pods-TikTokClone-Murzaliev-checkManifestLockResult.txt",
			);
			runOnlyForDeploymentPostprocessing = 0;
			shellPath = /bin/sh;
			shellScript = "diff \"${PODS_PODFILE_DIR_PATH}/Podfile.lock\" \"${PODS_ROOT}/Manifest.lock\" > /dev/null\nif [ $? != 0 ] ; then\n    # print error to STDERR\n    echo \"error: The sandbox is not in sync with the Podfile.lock. Run 'pod install' or update your CocoaPods installation.\" >&2\n    exit 1\nfi\n# This output is used by Xcode 'outputs' to avoid re-running this script phase.\necho \"SUCCESS\" > \"${SCRIPT_OUTPUT_FILE_0}\"\n";
			showEnvVarsInLog = 0;
		};
		EE764669EAA6343A0933A091 /* [CP] Embed Pods Frameworks */ = {
			isa = PBXShellScriptBuildPhase;
			buildActionMask = 2147483647;
			files = (
			);
			inputFileListPaths = (
				"${PODS_ROOT}/Target Support Files/Pods-TikTokClone-Murzaliev/Pods-TikTokClone-Murzaliev-frameworks-${CONFIGURATION}-input-files.xcfilelist",
			);
			name = "[CP] Embed Pods Frameworks";
			outputFileListPaths = (
				"${PODS_ROOT}/Target Support Files/Pods-TikTokClone-Murzaliev/Pods-TikTokClone-Murzaliev-frameworks-${CONFIGURATION}-output-files.xcfilelist",
			);
			runOnlyForDeploymentPostprocessing = 0;
			shellPath = /bin/sh;
			shellScript = "\"${PODS_ROOT}/Target Support Files/Pods-TikTokClone-Murzaliev/Pods-TikTokClone-Murzaliev-frameworks.sh\"\n";
			showEnvVarsInLog = 0;
		};
/* End PBXShellScriptBuildPhase section */

/* Begin PBXSourcesBuildPhase section */
		DDB98F0127BAE37A00D75C43 /* Sources */ = {
			isa = PBXSourcesBuildPhase;
			buildActionMask = 2147483647;
			files = (
				DDB98F0D27BAE37A00D75C43 /* MainViewController.swift in Sources */,
				DDB98F0927BAE37A00D75C43 /* AppDelegate.swift in Sources */,
				DDB98F1D27BAE96E00D75C43 /* MainTableViewCell.swift in Sources */,
				DD665E7E27BB8AB1002364DD /* CellModel.swift in Sources */,
				DDB98F0B27BAE37A00D75C43 /* SceneDelegate.swift in Sources */,
			);
			runOnlyForDeploymentPostprocessing = 0;
		};
/* End PBXSourcesBuildPhase section */

/* Begin PBXVariantGroup section */
		DDB98F0E27BAE37A00D75C43 /* Main.storyboard */ = {
			isa = PBXVariantGroup;
			children = (
				DDB98F0F27BAE37A00D75C43 /* Base */,
			);
			name = Main.storyboard;
			sourceTree = "<group>";
		};
		DDB98F1327BAE37B00D75C43 /* LaunchScreen.storyboard */ = {
			isa = PBXVariantGroup;
			children = (
				DDB98F1427BAE37B00D75C43 /* Base */,
			);
			name = LaunchScreen.storyboard;
			sourceTree = "<group>";
		};
/* End PBXVariantGroup section */

/* Begin XCBuildConfiguration section */
		DDB98F1727BAE37B00D75C43 /* Debug */ = {
			isa = XCBuildConfiguration;
			buildSettings = {
				ALWAYS_SEARCH_USER_PATHS = NO;
				CLANG_ANALYZER_NONNULL = YES;
				CLANG_ANALYZER_NUMBER_OBJECT_CONVERSION = YES_AGGRESSIVE;
				CLANG_CXX_LANGUAGE_STANDARD = "gnu++17";
				CLANG_CXX_LIBRARY = "libc++";
				CLANG_ENABLE_MODULES = YES;
				CLANG_ENABLE_OBJC_ARC = YES;
				CLANG_ENABLE_OBJC_WEAK = YES;
				CLANG_WARN_BLOCK_CAPTURE_AUTORELEASING = YES;
				CLANG_WARN_BOOL_CONVERSION = YES;
				CLANG_WARN_COMMA = YES;
				CLANG_WARN_CONSTANT_CONVERSION = YES;
				CLANG_WARN_DEPRECATED_OBJC_IMPLEMENTATIONS = YES;
				CLANG_WARN_DIRECT_OBJC_ISA_USAGE = YES_ERROR;
				CLANG_WARN_DOCUMENTATION_COMMENTS = YES;
				CLANG_WARN_EMPTY_BODY = YES;
				CLANG_WARN_ENUM_CONVERSION = YES;
				CLANG_WARN_INFINITE_RECURSION = YES;
				CLANG_WARN_INT_CONVERSION = YES;
				CLANG_WARN_NON_LITERAL_NULL_CONVERSION = YES;
				CLANG_WARN_OBJC_IMPLICIT_RETAIN_SELF = YES;
				CLANG_WARN_OBJC_LITERAL_CONVERSION = YES;
				CLANG_WARN_OBJC_ROOT_CLASS = YES_ERROR;
				CLANG_WARN_QUOTED_INCLUDE_IN_FRAMEWORK_HEADER = YES;
				CLANG_WARN_RANGE_LOOP_ANALYSIS = YES;
				CLANG_WARN_STRICT_PROTOTYPES = YES;
				CLANG_WARN_SUSPICIOUS_MOVE = YES;
				CLANG_WARN_UNGUARDED_AVAILABILITY = YES_AGGRESSIVE;
				CLANG_WARN_UNREACHABLE_CODE = YES;
				CLANG_WARN__DUPLICATE_METHOD_MATCH = YES;
				COPY_PHASE_STRIP = NO;
				DEBUG_INFORMATION_FORMAT = dwarf;
				ENABLE_STRICT_OBJC_MSGSEND = YES;
				ENABLE_TESTABILITY = YES;
				GCC_C_LANGUAGE_STANDARD = gnu11;
				GCC_DYNAMIC_NO_PIC = NO;
				GCC_NO_COMMON_BLOCKS = YES;
				GCC_OPTIMIZATION_LEVEL = 0;
				GCC_PREPROCESSOR_DEFINITIONS = (
					"DEBUG=1",
					"$(inherited)",
				);
				GCC_WARN_64_TO_32_BIT_CONVERSION = YES;
				GCC_WARN_ABOUT_RETURN_TYPE = YES_ERROR;
				GCC_WARN_UNDECLARED_SELECTOR = YES;
				GCC_WARN_UNINITIALIZED_AUTOS = YES_AGGRESSIVE;
				GCC_WARN_UNUSED_FUNCTION = YES;
				GCC_WARN_UNUSED_VARIABLE = YES;
				IPHONEOS_DEPLOYMENT_TARGET = 15.2;
				MTL_ENABLE_DEBUG_INFO = INCLUDE_SOURCE;
				MTL_FAST_MATH = YES;
				ONLY_ACTIVE_ARCH = YES;
				SDKROOT = iphoneos;
				SWIFT_ACTIVE_COMPILATION_CONDITIONS = DEBUG;
				SWIFT_OPTIMIZATION_LEVEL = "-Onone";
			};
			name = Debug;
		};
		DDB98F1827BAE37B00D75C43 /* Release */ = {
			isa = XCBuildConfiguration;
			buildSettings = {
				ALWAYS_SEARCH_USER_PATHS = NO;
				CLANG_ANALYZER_NONNULL = YES;
				CLANG_ANALYZER_NUMBER_OBJECT_CONVERSION = YES_AGGRESSIVE;
				CLANG_CXX_LANGUAGE_STANDARD = "gnu++17";
				CLANG_CXX_LIBRARY = "libc++";
				CLANG_ENABLE_MODULES = YES;
				CLANG_ENABLE_OBJC_ARC = YES;
				CLANG_ENABLE_OBJC_WEAK = YES;
				CLANG_WARN_BLOCK_CAPTURE_AUTORELEASING = YES;
				CLANG_WARN_BOOL_CONVERSION = YES;
				CLANG_WARN_COMMA = YES;
				CLANG_WARN_CONSTANT_CONVERSION = YES;
				CLANG_WARN_DEPRECATED_OBJC_IMPLEMENTATIONS = YES;
				CLANG_WARN_DIRECT_OBJC_ISA_USAGE = YES_ERROR;
				CLANG_WARN_DOCUMENTATION_COMMENTS = YES;
				CLANG_WARN_EMPTY_BODY = YES;
				CLANG_WARN_ENUM_CONVERSION = YES;
				CLANG_WARN_INFINITE_RECURSION = YES;
				CLANG_WARN_INT_CONVERSION = YES;
				CLANG_WARN_NON_LITERAL_NULL_CONVERSION = YES;
				CLANG_WARN_OBJC_IMPLICIT_RETAIN_SELF = YES;
				CLANG_WARN_OBJC_LITERAL_CONVERSION = YES;
				CLANG_WARN_OBJC_ROOT_CLASS = YES_ERROR;
				CLANG_WARN_QUOTED_INCLUDE_IN_FRAMEWORK_HEADER = YES;
				CLANG_WARN_RANGE_LOOP_ANALYSIS = YES;
				CLANG_WARN_STRICT_PROTOTYPES = YES;
				CLANG_WARN_SUSPICIOUS_MOVE = YES;
				CLANG_WARN_UNGUARDED_AVAILABILITY = YES_AGGRESSIVE;
				CLANG_WARN_UNREACHABLE_CODE = YES;
				CLANG_WARN__DUPLICATE_METHOD_MATCH = YES;
				COPY_PHASE_STRIP = NO;
				DEBUG_INFORMATION_FORMAT = "dwarf-with-dsym";
				ENABLE_NS_ASSERTIONS = NO;
				ENABLE_STRICT_OBJC_MSGSEND = YES;
				GCC_C_LANGUAGE_STANDARD = gnu11;
				GCC_NO_COMMON_BLOCKS = YES;
				GCC_WARN_64_TO_32_BIT_CONVERSION = YES;
				GCC_WARN_ABOUT_RETURN_TYPE = YES_ERROR;
				GCC_WARN_UNDECLARED_SELECTOR = YES;
				GCC_WARN_UNINITIALIZED_AUTOS = YES_AGGRESSIVE;
				GCC_WARN_UNUSED_FUNCTION = YES;
				GCC_WARN_UNUSED_VARIABLE = YES;
				IPHONEOS_DEPLOYMENT_TARGET = 15.2;
				MTL_ENABLE_DEBUG_INFO = NO;
				MTL_FAST_MATH = YES;
				SDKROOT = iphoneos;
				SWIFT_COMPILATION_MODE = wholemodule;
				SWIFT_OPTIMIZATION_LEVEL = "-O";
				VALIDATE_PRODUCT = YES;
			};
			name = Release;
		};
		DDB98F1A27BAE37B00D75C43 /* Debug */ = {
			isa = XCBuildConfiguration;
			baseConfigurationReference = C9D982ABDDD73FD66825F0C2 /* Pods-TikTokClone-Murzaliev.debug.xcconfig */;
			buildSettings = {
				ASSETCATALOG_COMPILER_APPICON_NAME = AppIcon;
				ASSETCATALOG_COMPILER_GLOBAL_ACCENT_COLOR_NAME = AccentColor;
				CODE_SIGN_STYLE = Automatic;
				CURRENT_PROJECT_VERSION = 1;
				DEVELOPMENT_TEAM = G9PZ3UK432;
				GENERATE_INFOPLIST_FILE = YES;
				INFOPLIST_FILE = "TikTokClone-Murzaliev/Info.plist";
				INFOPLIST_KEY_UIApplicationSupportsIndirectInputEvents = YES;
				INFOPLIST_KEY_UILaunchStoryboardName = LaunchScreen;
				INFOPLIST_KEY_UIMainStoryboardFile = Main;
				INFOPLIST_KEY_UISupportedInterfaceOrientations_iPad = "UIInterfaceOrientationPortrait UIInterfaceOrientationPortraitUpsideDown UIInterfaceOrientationLandscapeLeft UIInterfaceOrientationLandscapeRight";
				INFOPLIST_KEY_UISupportedInterfaceOrientations_iPhone = "UIInterfaceOrientationPortrait UIInterfaceOrientationLandscapeLeft UIInterfaceOrientationLandscapeRight";
				LD_RUNPATH_SEARCH_PATHS = (
					"$(inherited)",
					"@executable_path/Frameworks",
				);
				MARKETING_VERSION = 1.0;
				PRODUCT_BUNDLE_IDENTIFIER = "com.practice.home.smurzaliev.TikTokClone-Murzaliev";
				PRODUCT_NAME = "$(TARGET_NAME)";
				SWIFT_EMIT_LOC_STRINGS = YES;
				SWIFT_VERSION = 5.0;
				TARGETED_DEVICE_FAMILY = "1,2";
			};
			name = Debug;
		};
		DDB98F1B27BAE37B00D75C43 /* Release */ = {
			isa = XCBuildConfiguration;
			baseConfigurationReference = F12FD7413613547AB1A24FCE /* Pods-TikTokClone-Murzaliev.release.xcconfig */;
			buildSettings = {
				ASSETCATALOG_COMPILER_APPICON_NAME = AppIcon;
				ASSETCATALOG_COMPILER_GLOBAL_ACCENT_COLOR_NAME = AccentColor;
				CODE_SIGN_STYLE = Automatic;
				CURRENT_PROJECT_VERSION = 1;
				DEVELOPMENT_TEAM = G9PZ3UK432;
				GENERATE_INFOPLIST_FILE = YES;
				INFOPLIST_FILE = "TikTokClone-Murzaliev/Info.plist";
				INFOPLIST_KEY_UIApplicationSupportsIndirectInputEvents = YES;
				INFOPLIST_KEY_UILaunchStoryboardName = LaunchScreen;
				INFOPLIST_KEY_UIMainStoryboardFile = Main;
				INFOPLIST_KEY_UISupportedInterfaceOrientations_iPad = "UIInterfaceOrientationPortrait UIInterfaceOrientationPortraitUpsideDown UIInterfaceOrientationLandscapeLeft UIInterfaceOrientationLandscapeRight";
				INFOPLIST_KEY_UISupportedInterfaceOrientations_iPhone = "UIInterfaceOrientationPortrait UIInterfaceOrientationLandscapeLeft UIInterfaceOrientationLandscapeRight";
				LD_RUNPATH_SEARCH_PATHS = (
					"$(inherited)",
					"@executable_path/Frameworks",
				);
				MARKETING_VERSION = 1.0;
				PRODUCT_BUNDLE_IDENTIFIER = "com.practice.home.smurzaliev.TikTokClone-Murzaliev";
				PRODUCT_NAME = "$(TARGET_NAME)";
				SWIFT_EMIT_LOC_STRINGS = YES;
				SWIFT_VERSION = 5.0;
				TARGETED_DEVICE_FAMILY = "1,2";
			};
			name = Release;
		};
/* End XCBuildConfiguration section */

/* Begin XCConfigurationList section */
		DDB98F0027BAE37A00D75C43 /* Build configuration list for PBXProject "TikTokClone-Murzaliev" */ = {
			isa = XCConfigurationList;
			buildConfigurations = (
				DDB98F1727BAE37B00D75C43 /* Debug */,
				DDB98F1827BAE37B00D75C43 /* Release */,
			);
			defaultConfigurationIsVisible = 0;
			defaultConfigurationName = Release;
		};
		DDB98F1927BAE37B00D75C43 /* Build configuration list for PBXNativeTarget "TikTokClone-Murzaliev" */ = {
			isa = XCConfigurationList;
			buildConfigurations = (
				DDB98F1A27BAE37B00D75C43 /* Debug */,
				DDB98F1B27BAE37B00D75C43 /* Release */,
			);
			defaultConfigurationIsVisible = 0;
			defaultConfigurationName = Release;
		};
/* End XCConfigurationList section */
	};
	rootObject = DDB98EFD27BAE37A00D75C43 /* Project object */;
}
